
Microsoft Visual Studio Solution File, Format Version 12.00
# Visual Studio Version 17
VisualStudioVersion = 17.4.33110.190
MinimumVisualStudioVersion = 10.0.40219.1
Project("{9A19103F-16F7-4668-BE54-9A1E7A4F7556}") = "Ejercicio-101", "Clase_01\Ejercicio-101.csproj", "{8651866E-75D0-4A8C-9075-1BC383AB91ED}"
EndProject
Project("{9A19103F-16F7-4668-BE54-9A1E7A4F7556}") = "Ejercicio-102", "Ejercicio-02\Ejercicio-102.csproj", "{0129D1CE-7559-41C4-AAE2-F97812D8A76E}"
EndProject
Project("{2150E333-8FDC-42A3-9474-1A3956D46DE8}") = "Clase-01  27-03", "Clase-01  27-03", "{A4AF08C0-8D26-4AD8-82A8-E5E9D16B320E}"
EndProject
Project("{9A19103F-16F7-4668-BE54-9A1E7A4F7556}") = "Ejercicio-104", "Ejercicio-04\Ejercicio-104.csproj", "{1CA66F87-A570-4E45-A169-7A0C8300B2C6}"
EndProject
Project("{9A19103F-16F7-4668-BE54-9A1E7A4F7556}") = "Ejercicio-106", "Ejercicio-106\Ejercicio-106.csproj", "{ECF3E24E-5DF3-4C96-8851-4FEE91C384F1}"
EndProject
Project("{9A19103F-16F7-4668-BE54-9A1E7A4F7556}") = "Ejercicio-107", "Ejercicio-107\Ejercicio-107.csproj", "{1ECB08C1-6159-42E6-AC91-6A1124A8DDBC}"
EndProject
Project("{2150E333-8FDC-42A3-9474-1A3956D46DE8}") = "Clase-02  28-03", "Clase-02  28-03", "{611B41DE-D59F-43AE-872B-BD9D032DEACB}"
EndProject
Project("{9A19103F-16F7-4668-BE54-9A1E7A4F7556}") = "Ejercicio-101", "Ejercicio-101\Ejercicio-101.csproj", "{29F73641-1600-4269-A45B-F2279745693A}"
EndProject
Project("{9A19103F-16F7-4668-BE54-9A1E7A4F7556}") = "Clases", "Validador\Clases.csproj", "{06926D2A-4A6B-4116-B334-B778F2CC148B}"
EndProject
Project("{9A19103F-16F7-4668-BE54-9A1E7A4F7556}") = "Ejercicio-102", "Ejercicio-102\Ejercicio-102.csproj", "{6063882C-C608-43D8-9D75-99A350BAD98D}"
EndProject
Project("{9A19103F-16F7-4668-BE54-9A1E7A4F7556}") = "Ejercicio-103", "Ejercicio 103\Ejercicio-103.csproj", "{0B6DD59A-4D5A-469D-97F6-228F8EB1A5AE}"
EndProject
Project("{9A19103F-16F7-4668-BE54-9A1E7A4F7556}") = "Ejercicio-104", "Ejercicio-104\Ejercicio-104.csproj", "{5B1C3866-1A96-41A5-B0E4-A2B10A9E0B7A}"
EndProject
Project("{9A19103F-16F7-4668-BE54-9A1E7A4F7556}") = "Ejercicio-108", "Ejercicio-108\Ejercicio-108.csproj", "{C4A64F27-D2B1-43F9-B921-5B14AC3F5B00}"
EndProject
Project("{9A19103F-16F7-4668-BE54-9A1E7A4F7556}") = "Ejercicio-A01", "Ejercicio-A01\Ejercicio-A01.csproj", "{7A5ABFDA-79A1-439C-A85B-982D9620BC50}"
EndProject
Project("{2150E333-8FDC-42A3-9474-1A3956D46DE8}") = "POO 30-03", "POO 30-03", "{94D8090E-5D26-4344-A036-C99BCF466E58}"
EndProject
Project("{9A19103F-16F7-4668-BE54-9A1E7A4F7556}") = "Ejercicio-I01", "Ejercicio-I01\Ejercicio-I01.csproj", "{FC49D934-17A7-4A1C-83AB-EC7F2B38AB1F}"
EndProject
Project("{9A19103F-16F7-4668-BE54-9A1E7A4F7556}") = "Ejercicio-I02", "Ejercicio-I02\Ejercicio-I02.csproj", "{EF5A8EAC-C8E7-47E8-B872-40727F6477F7}"
EndProject
Project("{FAE04EC0-301F-11D3-BF4B-00C04F79EFBC}") = "Ejercicio-I03", "Ejercicio-I03\Ejercicio-I03.csproj", "{3E2B8391-3CF7-43CB-881D-ED4935A92236}"
EndProject
Global
	GlobalSection(SolutionConfigurationPlatforms) = preSolution
		Debug|Any CPU = Debug|Any CPU
		Release|Any CPU = Release|Any CPU
	EndGlobalSection
	GlobalSection(ProjectConfigurationPlatforms) = postSolution
		{8651866E-75D0-4A8C-9075-1BC383AB91ED}.Debug|Any CPU.ActiveCfg = Debug|Any CPU
		{8651866E-75D0-4A8C-9075-1BC383AB91ED}.Debug|Any CPU.Build.0 = Debug|Any CPU
		{8651866E-75D0-4A8C-9075-1BC383AB91ED}.Release|Any CPU.ActiveCfg = Release|Any CPU
		{8651866E-75D0-4A8C-9075-1BC383AB91ED}.Release|Any CPU.Build.0 = Release|Any CPU
		{0129D1CE-7559-41C4-AAE2-F97812D8A76E}.Debug|Any CPU.ActiveCfg = Debug|Any CPU
		{0129D1CE-7559-41C4-AAE2-F97812D8A76E}.Debug|Any CPU.Build.0 = Debug|Any CPU
		{0129D1CE-7559-41C4-AAE2-F97812D8A76E}.Release|Any CPU.ActiveCfg = Release|Any CPU
		{0129D1CE-7559-41C4-AAE2-F97812D8A76E}.Release|Any CPU.Build.0 = Release|Any CPU
		{1CA66F87-A570-4E45-A169-7A0C8300B2C6}.Debug|Any CPU.ActiveCfg = Debug|Any CPU
		{1CA66F87-A570-4E45-A169-7A0C8300B2C6}.Debug|Any CPU.Build.0 = Debug|Any CPU
		{1CA66F87-A570-4E45-A169-7A0C8300B2C6}.Release|Any CPU.ActiveCfg = Release|Any CPU
		{1CA66F87-A570-4E45-A169-7A0C8300B2C6}.Release|Any CPU.Build.0 = Release|Any CPU
		{ECF3E24E-5DF3-4C96-8851-4FEE91C384F1}.Debug|Any CPU.ActiveCfg = Debug|Any CPU
		{ECF3E24E-5DF3-4C96-8851-4FEE91C384F1}.Debug|Any CPU.Build.0 = Debug|Any CPU
		{ECF3E24E-5DF3-4C96-8851-4FEE91C384F1}.Release|Any CPU.ActiveCfg = Release|Any CPU
		{ECF3E24E-5DF3-4C96-8851-4FEE91C384F1}.Release|Any CPU.Build.0 = Release|Any CPU
		{1ECB08C1-6159-42E6-AC91-6A1124A8DDBC}.Debug|Any CPU.ActiveCfg = Debug|Any CPU
		{1ECB08C1-6159-42E6-AC91-6A1124A8DDBC}.Debug|Any CPU.Build.0 = Debug|Any CPU
		{1ECB08C1-6159-42E6-AC91-6A1124A8DDBC}.Release|Any CPU.ActiveCfg = Release|Any CPU
		{1ECB08C1-6159-42E6-AC91-6A1124A8DDBC}.Release|Any CPU.Build.0 = Release|Any CPU
		{29F73641-1600-4269-A45B-F2279745693A}.Debug|Any CPU.ActiveCfg = Debug|Any CPU
		{29F73641-1600-4269-A45B-F2279745693A}.Debug|Any CPU.Build.0 = Debug|Any CPU
		{29F73641-1600-4269-A45B-F2279745693A}.Release|Any CPU.ActiveCfg = Release|Any CPU
		{29F73641-1600-4269-A45B-F2279745693A}.Release|Any CPU.Build.0 = Release|Any CPU
		{06926D2A-4A6B-4116-B334-B778F2CC148B}.Debug|Any CPU.ActiveCfg = Debug|Any CPU
		{06926D2A-4A6B-4116-B334-B778F2CC148B}.Debug|Any CPU.Build.0 = Debug|Any CPU
		{06926D2A-4A6B-4116-B334-B778F2CC148B}.Release|Any CPU.ActiveCfg = Release|Any CPU
		{06926D2A-4A6B-4116-B334-B778F2CC148B}.Release|Any CPU.Build.0 = Release|Any CPU
		{6063882C-C608-43D8-9D75-99A350BAD98D}.Debug|Any CPU.ActiveCfg = Debug|Any CPU
		{6063882C-C608-43D8-9D75-99A350BAD98D}.Debug|Any CPU.Build.0 = Debug|Any CPU
		{6063882C-C608-43D8-9D75-99A350BAD98D}.Release|Any CPU.ActiveCfg = Release|Any CPU
		{6063882C-C608-43D8-9D75-99A350BAD98D}.Release|Any CPU.Build.0 = Release|Any CPU
		{0B6DD59A-4D5A-469D-97F6-228F8EB1A5AE}.Debug|Any CPU.ActiveCfg = Debug|Any CPU
		{0B6DD59A-4D5A-469D-97F6-228F8EB1A5AE}.Debug|Any CPU.Build.0 = Debug|Any CPU
		{0B6DD59A-4D5A-469D-97F6-228F8EB1A5AE}.Release|Any CPU.ActiveCfg = Release|Any CPU
		{0B6DD59A-4D5A-469D-97F6-228F8EB1A5AE}.Release|Any CPU.Build.0 = Release|Any CPU
		{5B1C3866-1A96-41A5-B0E4-A2B10A9E0B7A}.Debug|Any CPU.ActiveCfg = Debug|Any CPU
		{5B1C3866-1A96-41A5-B0E4-A2B10A9E0B7A}.Debug|Any CPU.Build.0 = Debug|Any CPU
		{5B1C3866-1A96-41A5-B0E4-A2B10A9E0B7A}.Release|Any CPU.ActiveCfg = Release|Any CPU
		{5B1C3866-1A96-41A5-B0E4-A2B10A9E0B7A}.Release|Any CPU.Build.0 = Release|Any CPU
		{C4A64F27-D2B1-43F9-B921-5B14AC3F5B00}.Debug|Any CPU.ActiveCfg = Debug|Any CPU
		{C4A64F27-D2B1-43F9-B921-5B14AC3F5B00}.Debug|Any CPU.Build.0 = Debug|Any CPU
		{C4A64F27-D2B1-43F9-B921-5B14AC3F5B00}.Release|Any CPU.ActiveCfg = Release|Any CPU
		{C4A64F27-D2B1-43F9-B921-5B14AC3F5B00}.Release|Any CPU.Build.0 = Release|Any CPU
		{7A5ABFDA-79A1-439C-A85B-982D9620BC50}.Debug|Any CPU.ActiveCfg = Debug|Any CPU
		{7A5ABFDA-79A1-439C-A85B-982D9620BC50}.Debug|Any CPU.Build.0 = Debug|Any CPU
		{7A5ABFDA-79A1-439C-A85B-982D9620BC50}.Release|Any CPU.ActiveCfg = Release|Any CPU
		{7A5ABFDA-79A1-439C-A85B-982D9620BC50}.Release|Any CPU.Build.0 = Release|Any CPU
		{FC49D934-17A7-4A1C-83AB-EC7F2B38AB1F}.Debug|Any CPU.ActiveCfg = Debug|Any CPU
		{FC49D934-17A7-4A1C-83AB-EC7F2B38AB1F}.Debug|Any CPU.Build.0 = Debug|Any CPU
		{FC49D934-17A7-4A1C-83AB-EC7F2B38AB1F}.Release|Any CPU.ActiveCfg = Release|Any CPU
		{FC49D934-17A7-4A1C-83AB-EC7F2B38AB1F}.Release|Any CPU.Build.0 = Release|Any CPU
		{EF5A8EAC-C8E7-47E8-B872-40727F6477F7}.Debug|Any CPU.ActiveCfg = Debug|Any CPU
		{EF5A8EAC-C8E7-47E8-B872-40727F6477F7}.Debug|Any CPU.Build.0 = Debug|Any CPU
		{EF5A8EAC-C8E7-47E8-B872-40727F6477F7}.Release|Any CPU.ActiveCfg = Release|Any CPU
		{EF5A8EAC-C8E7-47E8-B872-40727F6477F7}.Release|Any CPU.Build.0 = Release|Any CPU
		{3E2B8391-3CF7-43CB-881D-ED4935A92236}.Debug|Any CPU.ActiveCfg = Debug|Any CPU
		{3E2B8391-3CF7-43CB-881D-ED4935A92236}.Debug|Any CPU.Build.0 = Debug|Any CPU
		{3E2B8391-3CF7-43CB-881D-ED4935A92236}.Release|Any CPU.ActiveCfg = Release|Any CPU
		{3E2B8391-3CF7-43CB-881D-ED4935A92236}.Release|Any CPU.Build.0 = Release|Any CPU
	EndGlobalSection
	GlobalSection(SolutionProperties) = preSolution
		HideSolutionNode = FALSE
	EndGlobalSection
	GlobalSection(NestedProjects) = preSolution
		{8651866E-75D0-4A8C-9075-1BC383AB91ED} = {A4AF08C0-8D26-4AD8-82A8-E5E9D16B320E}
		{0129D1CE-7559-41C4-AAE2-F97812D8A76E} = {A4AF08C0-8D26-4AD8-82A8-E5E9D16B320E}
		{1CA66F87-A570-4E45-A169-7A0C8300B2C6} = {A4AF08C0-8D26-4AD8-82A8-E5E9D16B320E}
		{ECF3E24E-5DF3-4C96-8851-4FEE91C384F1} = {A4AF08C0-8D26-4AD8-82A8-E5E9D16B320E}
		{1ECB08C1-6159-42E6-AC91-6A1124A8DDBC} = {A4AF08C0-8D26-4AD8-82A8-E5E9D16B320E}
		{29F73641-1600-4269-A45B-F2279745693A} = {611B41DE-D59F-43AE-872B-BD9D032DEACB}
		{6063882C-C608-43D8-9D75-99A350BAD98D} = {611B41DE-D59F-43AE-872B-BD9D032DEACB}
		{0B6DD59A-4D5A-469D-97F6-228F8EB1A5AE} = {611B41DE-D59F-43AE-872B-BD9D032DEACB}
		{5B1C3866-1A96-41A5-B0E4-A2B10A9E0B7A} = {611B41DE-D59F-43AE-872B-BD9D032DEACB}
		{C4A64F27-D2B1-43F9-B921-5B14AC3F5B00} = {611B41DE-D59F-43AE-872B-BD9D032DEACB}
		{7A5ABFDA-79A1-439C-A85B-982D9620BC50} = {611B41DE-D59F-43AE-872B-BD9D032DEACB}
		{FC49D934-17A7-4A1C-83AB-EC7F2B38AB1F} = {94D8090E-5D26-4344-A036-C99BCF466E58}
		{EF5A8EAC-C8E7-47E8-B872-40727F6477F7} = {94D8090E-5D26-4344-A036-C99BCF466E58}
		{3E2B8391-3CF7-43CB-881D-ED4935A92236} = {94D8090E-5D26-4344-A036-C99BCF466E58}
	EndGlobalSection
	GlobalSection(ExtensibilityGlobals) = postSolution
		SolutionGuid = {3A1CF786-91BB-4C06-9354-FA8D14CA52C6}
	EndGlobalSection
EndGlobal
